
Microsoft Visual Studio Solution File, Format Version 12.00
# Visual Studio 15
VisualStudioVersion = 15.0.28307.136
MinimumVisualStudioVersion = 10.0.40219.1
Project("{2150E333-8FDC-42A3-9474-1A3956D46DE8}") = "01_Patterns", "01_Patterns", "{7CF22C62-4670-4D5F-BDEE-BAA8931770BD}"
EndProject
Project("{2150E333-8FDC-42A3-9474-1A3956D46DE8}") = "01_StatePattern", "01_StatePattern", "{0725E462-6801-416C-95C0-94CB72EC9488}"
EndProject
Project("{9A19103F-16F7-4668-BE54-9A1E7A4F7556}") = "StatePattern", "01_Patterns\01_StatePattern\StatePattern.csproj", "{21253591-69C6-436C-ACF2-8C12A587B4FE}"
EndProject
Project("{2150E333-8FDC-42A3-9474-1A3956D46DE8}") = "02_Network", "02_Network", "{D79D251B-4C24-4117-B72C-DBBB919C56E6}"
EndProject
Project("{2150E333-8FDC-42A3-9474-1A3956D46DE8}") = "01_TcpTransport", "01_TcpTransport", "{93753B0D-7268-4EC9-A12E-E1611BE58D34}"
EndProject
Project("{9A19103F-16F7-4668-BE54-9A1E7A4F7556}") = "TcpTransport", "02_Network\01_TcpTransport\TcpTransport.csproj", "{5FEBAE38-DCD4-4852-9CF6-E49A063372A8}"
EndProject
Project("{2150E333-8FDC-42A3-9474-1A3956D46DE8}") = "Tests", "Tests", "{B79C5761-0D25-49CA-80FF-51C300D5024B}"
EndProject
Project("{FAE04EC0-301F-11D3-BF4B-00C04F79EFBC}") = "Tests", "Tests\Tests.csproj", "{A0C63FFA-5278-4F55-A8BD-F735D50E74DD}"
EndProject
Project("{2150E333-8FDC-42A3-9474-1A3956D46DE8}") = "Demos", "Demos", "{58164728-BAAB-4245-9D36-81F04CE9F88A}"
EndProject
Project("{FAE04EC0-301F-11D3-BF4B-00C04F79EFBC}") = "PatternsDemo", "Demos\01_Patterns\PatternsDemo.csproj", "{EC5925C1-1D40-402D-81AA-E4501110591E}"
EndProject
Project("{2150E333-8FDC-42A3-9474-1A3956D46DE8}") = "01_Patterns", "01_Patterns", "{ED5FE643-3DD1-4CA0-9870-B5CC9E3675DA}"
EndProject
Project("{2150E333-8FDC-42A3-9474-1A3956D46DE8}") = "Common", "Common", "{521852A3-F91E-46B6-A4E3-FE1C4B0065C1}"
EndProject
Project("{FAE04EC0-301F-11D3-BF4B-00C04F79EFBC}") = "Common", "Demos\Common\Common.csproj", "{6036122A-6C18-4608-B8AB-7801D7AE888F}"
EndProject
Project("{2150E333-8FDC-42A3-9474-1A3956D46DE8}") = "02_Network", "02_Network", "{A2FF4D65-5613-4A46-93E6-4E2162E2F60D}"
EndProject
Project("{2150E333-8FDC-42A3-9474-1A3956D46DE8}") = "TcpTransportDemo", "TcpTransportDemo", "{872D8D41-A941-40A7-BD5C-1B5E1B21A2F3}"
EndProject
Project("{FAE04EC0-301F-11D3-BF4B-00C04F79EFBC}") = "TcpTransportDemo", "Demos\02_Network\TcpTransportDemo\TcpTransportDemo.csproj", "{4F727125-F8C9-4627-A0B8-7F08690A5298}"
EndProject
Project("{2150E333-8FDC-42A3-9474-1A3956D46DE8}") = "TestServer", "TestServer", "{03B836F2-057D-4D49-8787-C0347813AF16}"
EndProject
Project("{9A19103F-16F7-4668-BE54-9A1E7A4F7556}") = "TestServer", "Demos\02_Network\TestServer\TestServer.csproj", "{D3C73581-1381-4A32-A1FD-1441698A7BAC}"
EndProject
Global
	GlobalSection(SolutionConfigurationPlatforms) = preSolution
		Debug|Any CPU = Debug|Any CPU
		Release|Any CPU = Release|Any CPU
	EndGlobalSection
	GlobalSection(ProjectConfigurationPlatforms) = postSolution
		{21253591-69C6-436C-ACF2-8C12A587B4FE}.Debug|Any CPU.ActiveCfg = Debug|Any CPU
		{21253591-69C6-436C-ACF2-8C12A587B4FE}.Debug|Any CPU.Build.0 = Debug|Any CPU
		{21253591-69C6-436C-ACF2-8C12A587B4FE}.Release|Any CPU.ActiveCfg = Release|Any CPU
		{21253591-69C6-436C-ACF2-8C12A587B4FE}.Release|Any CPU.Build.0 = Release|Any CPU
		{5FEBAE38-DCD4-4852-9CF6-E49A063372A8}.Debug|Any CPU.ActiveCfg = Debug|Any CPU
		{5FEBAE38-DCD4-4852-9CF6-E49A063372A8}.Debug|Any CPU.Build.0 = Debug|Any CPU
		{5FEBAE38-DCD4-4852-9CF6-E49A063372A8}.Release|Any CPU.ActiveCfg = Release|Any CPU
		{5FEBAE38-DCD4-4852-9CF6-E49A063372A8}.Release|Any CPU.Build.0 = Release|Any CPU
		{A0C63FFA-5278-4F55-A8BD-F735D50E74DD}.Debug|Any CPU.ActiveCfg = Debug|Any CPU
		{A0C63FFA-5278-4F55-A8BD-F735D50E74DD}.Debug|Any CPU.Build.0 = Debug|Any CPU
		{A0C63FFA-5278-4F55-A8BD-F735D50E74DD}.Release|Any CPU.ActiveCfg = Release|Any CPU
		{A0C63FFA-5278-4F55-A8BD-F735D50E74DD}.Release|Any CPU.Build.0 = Release|Any CPU
		{EC5925C1-1D40-402D-81AA-E4501110591E}.Debug|Any CPU.ActiveCfg = Debug|Any CPU
		{EC5925C1-1D40-402D-81AA-E4501110591E}.Debug|Any CPU.Build.0 = Debug|Any CPU
		{EC5925C1-1D40-402D-81AA-E4501110591E}.Release|Any CPU.ActiveCfg = Release|Any CPU
		{EC5925C1-1D40-402D-81AA-E4501110591E}.Release|Any CPU.Build.0 = Release|Any CPU
		{6036122A-6C18-4608-B8AB-7801D7AE888F}.Debug|Any CPU.ActiveCfg = Debug|Any CPU
		{6036122A-6C18-4608-B8AB-7801D7AE888F}.Debug|Any CPU.Build.0 = Debug|Any CPU
		{6036122A-6C18-4608-B8AB-7801D7AE888F}.Release|Any CPU.ActiveCfg = Release|Any CPU
		{6036122A-6C18-4608-B8AB-7801D7AE888F}.Release|Any CPU.Build.0 = Release|Any CPU
		{4F727125-F8C9-4627-A0B8-7F08690A5298}.Debug|Any CPU.ActiveCfg = Debug|Any CPU
		{4F727125-F8C9-4627-A0B8-7F08690A5298}.Debug|Any CPU.Build.0 = Debug|Any CPU
		{4F727125-F8C9-4627-A0B8-7F08690A5298}.Release|Any CPU.ActiveCfg = Release|Any CPU
		{4F727125-F8C9-4627-A0B8-7F08690A5298}.Release|Any CPU.Build.0 = Release|Any CPU
		{D3C73581-1381-4A32-A1FD-1441698A7BAC}.Debug|Any CPU.ActiveCfg = Debug|Any CPU
		{D3C73581-1381-4A32-A1FD-1441698A7BAC}.Debug|Any CPU.Build.0 = Debug|Any CPU
		{D3C73581-1381-4A32-A1FD-1441698A7BAC}.Release|Any CPU.ActiveCfg = Release|Any CPU
		{D3C73581-1381-4A32-A1FD-1441698A7BAC}.Release|Any CPU.Build.0 = Release|Any CPU
	EndGlobalSection
	GlobalSection(SolutionProperties) = preSolution
		HideSolutionNode = FALSE
	EndGlobalSection
	GlobalSection(NestedProjects) = preSolution
		{0725E462-6801-416C-95C0-94CB72EC9488} = {7CF22C62-4670-4D5F-BDEE-BAA8931770BD}
		{21253591-69C6-436C-ACF2-8C12A587B4FE} = {0725E462-6801-416C-95C0-94CB72EC9488}
		{93753B0D-7268-4EC9-A12E-E1611BE58D34} = {D79D251B-4C24-4117-B72C-DBBB919C56E6}
		{5FEBAE38-DCD4-4852-9CF6-E49A063372A8} = {93753B0D-7268-4EC9-A12E-E1611BE58D34}
		{A0C63FFA-5278-4F55-A8BD-F735D50E74DD} = {B79C5761-0D25-49CA-80FF-51C300D5024B}
		{EC5925C1-1D40-402D-81AA-E4501110591E} = {ED5FE643-3DD1-4CA0-9870-B5CC9E3675DA}
		{ED5FE643-3DD1-4CA0-9870-B5CC9E3675DA} = {58164728-BAAB-4245-9D36-81F04CE9F88A}
		{521852A3-F91E-46B6-A4E3-FE1C4B0065C1} = {58164728-BAAB-4245-9D36-81F04CE9F88A}
		{6036122A-6C18-4608-B8AB-7801D7AE888F} = {521852A3-F91E-46B6-A4E3-FE1C4B0065C1}
		{A2FF4D65-5613-4A46-93E6-4E2162E2F60D} = {58164728-BAAB-4245-9D36-81F04CE9F88A}
		{872D8D41-A941-40A7-BD5C-1B5E1B21A2F3} = {A2FF4D65-5613-4A46-93E6-4E2162E2F60D}
		{4F727125-F8C9-4627-A0B8-7F08690A5298} = {872D8D41-A941-40A7-BD5C-1B5E1B21A2F3}
		{03B836F2-057D-4D49-8787-C0347813AF16} = {A2FF4D65-5613-4A46-93E6-4E2162E2F60D}
		{D3C73581-1381-4A32-A1FD-1441698A7BAC} = {03B836F2-057D-4D49-8787-C0347813AF16}
	EndGlobalSection
	GlobalSection(ExtensibilityGlobals) = postSolution
		SolutionGuid = {E00229AB-68CD-4E50-B858-43458005B5BD}
	EndGlobalSection
EndGlobal
