
Microsoft Visual Studio Solution File, Format Version 12.00
# Visual Studio Version 16
VisualStudioVersion = 16.0.29020.237
MinimumVisualStudioVersion = 10.0.40219.1
Project("{FAE04EC0-301F-11D3-BF4B-00C04F79EFBC}") = "TCP_Transport", "TCP_Transport\TCP_Transport.csproj", "{00CFA468-3A1F-428C-9D4A-89D78D8F8659}"
EndProject
Project("{FAE04EC0-301F-11D3-BF4B-00C04F79EFBC}") = "Tests", "Tests\Tests.csproj", "{CABA2B95-A651-408A-ACAD-0D103AFACE4D}"
EndProject
Project("{FAE04EC0-301F-11D3-BF4B-00C04F79EFBC}") = "UsageExample", "UsageExample\UsageExample.csproj", "{4F727125-F8C9-4627-A0B8-7F08690A5298}"
EndProject
Project("{FAE04EC0-301F-11D3-BF4B-00C04F79EFBC}") = "TestServer", "TestServer\TestServer.csproj", "{3D19B65C-3A26-4CB7-9276-0081A8BCDCD8}"
EndProject
Project("{FAE04EC0-301F-11D3-BF4B-00C04F79EFBC}") = "Common", "Common\Common.csproj", "{2E62E172-6F94-4B71-841D-264D085C2E59}"
EndProject
Global
	GlobalSection(SolutionConfigurationPlatforms) = preSolution
		Debug|Any CPU = Debug|Any CPU
		Release|Any CPU = Release|Any CPU
	EndGlobalSection
	GlobalSection(ProjectConfigurationPlatforms) = postSolution
		{00CFA468-3A1F-428C-9D4A-89D78D8F8659}.Debug|Any CPU.ActiveCfg = Debug|Any CPU
		{00CFA468-3A1F-428C-9D4A-89D78D8F8659}.Debug|Any CPU.Build.0 = Debug|Any CPU
		{00CFA468-3A1F-428C-9D4A-89D78D8F8659}.Release|Any CPU.ActiveCfg = Release|Any CPU
		{00CFA468-3A1F-428C-9D4A-89D78D8F8659}.Release|Any CPU.Build.0 = Release|Any CPU
		{CABA2B95-A651-408A-ACAD-0D103AFACE4D}.Debug|Any CPU.ActiveCfg = Debug|Any CPU
		{CABA2B95-A651-408A-ACAD-0D103AFACE4D}.Debug|Any CPU.Build.0 = Debug|Any CPU
		{CABA2B95-A651-408A-ACAD-0D103AFACE4D}.Release|Any CPU.ActiveCfg = Release|Any CPU
		{CABA2B95-A651-408A-ACAD-0D103AFACE4D}.Release|Any CPU.Build.0 = Release|Any CPU
		{4F727125-F8C9-4627-A0B8-7F08690A5298}.Debug|Any CPU.ActiveCfg = Debug|Any CPU
		{4F727125-F8C9-4627-A0B8-7F08690A5298}.Debug|Any CPU.Build.0 = Debug|Any CPU
		{4F727125-F8C9-4627-A0B8-7F08690A5298}.Release|Any CPU.ActiveCfg = Release|Any CPU
		{4F727125-F8C9-4627-A0B8-7F08690A5298}.Release|Any CPU.Build.0 = Release|Any CPU
		{3D19B65C-3A26-4CB7-9276-0081A8BCDCD8}.Debug|Any CPU.ActiveCfg = Debug|Any CPU
		{3D19B65C-3A26-4CB7-9276-0081A8BCDCD8}.Debug|Any CPU.Build.0 = Debug|Any CPU
		{3D19B65C-3A26-4CB7-9276-0081A8BCDCD8}.Release|Any CPU.ActiveCfg = Release|Any CPU
		{3D19B65C-3A26-4CB7-9276-0081A8BCDCD8}.Release|Any CPU.Build.0 = Release|Any CPU
		{2E62E172-6F94-4B71-841D-264D085C2E59}.Debug|Any CPU.ActiveCfg = Debug|Any CPU
		{2E62E172-6F94-4B71-841D-264D085C2E59}.Debug|Any CPU.Build.0 = Debug|Any CPU
		{2E62E172-6F94-4B71-841D-264D085C2E59}.Release|Any CPU.ActiveCfg = Release|Any CPU
		{2E62E172-6F94-4B71-841D-264D085C2E59}.Release|Any CPU.Build.0 = Release|Any CPU
	EndGlobalSection
	GlobalSection(SolutionProperties) = preSolution
		HideSolutionNode = FALSE
	EndGlobalSection
	GlobalSection(ExtensibilityGlobals) = postSolution
		SolutionGuid = {4D6082B3-8EF1-4067-866D-E8D012DD84A5}
	EndGlobalSection
EndGlobal
