
Microsoft Visual Studio Solution File, Format Version 12.00
# Visual Studio Version 16
VisualStudioVersion = 16.0.29009.5
MinimumVisualStudioVersion = 10.0.40219.1
Project("{9A19103F-16F7-4668-BE54-9A1E7A4F7556}") = "SimpleStatePattern", "SimpleStatePattern\SimpleStatePattern.csproj", "{DC2CE4EF-FAD9-42F1-8D05-EE3F5BBA2B1C}"
EndProject
Project("{FAE04EC0-301F-11D3-BF4B-00C04F79EFBC}") = "Tests", "Tests\Tests.csproj", "{62A7BC3C-EC98-48D5-BC82-8C685918F52D}"
EndProject
Project("{FAE04EC0-301F-11D3-BF4B-00C04F79EFBC}") = "UsageExamples", "UsageExample\UsageExamples.csproj", "{EC5925C1-1D40-402D-81AA-E4501110591E}"
EndProject
Global
	GlobalSection(SolutionConfigurationPlatforms) = preSolution
		Debug|Any CPU = Debug|Any CPU
		Release|Any CPU = Release|Any CPU
	EndGlobalSection
	GlobalSection(ProjectConfigurationPlatforms) = postSolution
		{DC2CE4EF-FAD9-42F1-8D05-EE3F5BBA2B1C}.Debug|Any CPU.ActiveCfg = Debug|Any CPU
		{DC2CE4EF-FAD9-42F1-8D05-EE3F5BBA2B1C}.Debug|Any CPU.Build.0 = Debug|Any CPU
		{DC2CE4EF-FAD9-42F1-8D05-EE3F5BBA2B1C}.Release|Any CPU.ActiveCfg = Release|Any CPU
		{DC2CE4EF-FAD9-42F1-8D05-EE3F5BBA2B1C}.Release|Any CPU.Build.0 = Release|Any CPU
		{62A7BC3C-EC98-48D5-BC82-8C685918F52D}.Debug|Any CPU.ActiveCfg = Debug|Any CPU
		{62A7BC3C-EC98-48D5-BC82-8C685918F52D}.Debug|Any CPU.Build.0 = Debug|Any CPU
		{62A7BC3C-EC98-48D5-BC82-8C685918F52D}.Release|Any CPU.ActiveCfg = Release|Any CPU
		{62A7BC3C-EC98-48D5-BC82-8C685918F52D}.Release|Any CPU.Build.0 = Release|Any CPU
		{EC5925C1-1D40-402D-81AA-E4501110591E}.Debug|Any CPU.ActiveCfg = Debug|Any CPU
		{EC5925C1-1D40-402D-81AA-E4501110591E}.Debug|Any CPU.Build.0 = Debug|Any CPU
		{EC5925C1-1D40-402D-81AA-E4501110591E}.Release|Any CPU.ActiveCfg = Release|Any CPU
		{EC5925C1-1D40-402D-81AA-E4501110591E}.Release|Any CPU.Build.0 = Release|Any CPU
	EndGlobalSection
	GlobalSection(SolutionProperties) = preSolution
		HideSolutionNode = FALSE
	EndGlobalSection
	GlobalSection(ExtensibilityGlobals) = postSolution
		SolutionGuid = {D3E75010-0A94-49C3-ADC7-C65B7F2BE422}
	EndGlobalSection
EndGlobal
